
Microsoft Visual Studio Solution File, Format Version 12.00
# Visual Studio Version 17
VisualStudioVersion = 17.3.32825.248
MinimumVisualStudioVersion = 10.0.40219.1
Project("{FAE04EC0-301F-11D3-BF4B-00C04F79EFBC}") = "DailyPracticeCodeCSHARP", "DailyPracticeCodeCSHARP\DailyPracticeCodeCSHARP.csproj", "{B806E8A6-7A44-43CB-9D12-F09094BFD300}"
EndProject
Global
	GlobalSection(SolutionConfigurationPlatforms) = preSolution
		Debug|Any CPU = Debug|Any CPU
		Release|Any CPU = Release|Any CPU
	EndGlobalSection
	GlobalSection(ProjectConfigurationPlatforms) = postSolution
		{B806E8A6-7A44-43CB-9D12-F09094BFD300}.Debug|Any CPU.ActiveCfg = Debug|Any CPU
		{B806E8A6-7A44-43CB-9D12-F09094BFD300}.Debug|Any CPU.Build.0 = Debug|Any CPU
		{B806E8A6-7A44-43CB-9D12-F09094BFD300}.Release|Any CPU.ActiveCfg = Release|Any CPU
		{B806E8A6-7A44-43CB-9D12-F09094BFD300}.Release|Any CPU.Build.0 = Release|Any CPU
	EndGlobalSection
	GlobalSection(SolutionProperties) = preSolution
		HideSolutionNode = FALSE
	EndGlobalSection
	GlobalSection(ExtensibilityGlobals) = postSolution
		SolutionGuid = {AF4A5E92-678E-4277-9737-362C7398EF4A}
	EndGlobalSection
EndGlobal
